
Microsoft Visual Studio Solution File, Format Version 12.00
# Visual Studio Version 17
VisualStudioVersion = 17.11.35219.272
MinimumVisualStudioVersion = 10.0.40219.1
Project("{FAE04EC0-301F-11D3-BF4B-00C04F79EFBC}") = "2-PersonRestAPI", "2-PersonRestAPI.csproj", "{35589352-1632-4985-8D41-186D593A24FC}"
EndProject
Global
	GlobalSection(SolutionConfigurationPlatforms) = preSolution
		Debug|Any CPU = Debug|Any CPU
		Release|Any CPU = Release|Any CPU
	EndGlobalSection
	GlobalSection(ProjectConfigurationPlatforms) = postSolution
		{35589352-1632-4985-8D41-186D593A24FC}.Debug|Any CPU.ActiveCfg = Debug|Any CPU
		{35589352-1632-4985-8D41-186D593A24FC}.Debug|Any CPU.Build.0 = Debug|Any CPU
		{35589352-1632-4985-8D41-186D593A24FC}.Release|Any CPU.ActiveCfg = Release|Any CPU
		{35589352-1632-4985-8D41-186D593A24FC}.Release|Any CPU.Build.0 = Release|Any CPU
	EndGlobalSection
	GlobalSection(SolutionProperties) = preSolution
		HideSolutionNode = FALSE
	EndGlobalSection
	GlobalSection(ExtensibilityGlobals) = postSolution
		SolutionGuid = {829BB886-CFFA-4CA2-BCD7-FFE1A6632B9E}
	EndGlobalSection
EndGlobal
