
Microsoft Visual Studio Solution File, Format Version 12.00
# Visual Studio Version 17
VisualStudioVersion = 17.8.34408.163
MinimumVisualStudioVersion = 10.0.40219.1
Project("{FAE04EC0-301F-11D3-BF4B-00C04F79EFBC}") = "animal_Inheritance", "animal_Inheritance\animal_Inheritance.csproj", "{758A67C2-20FA-4E80-9A41-035D74B62DAD}"
EndProject
Global
	GlobalSection(SolutionConfigurationPlatforms) = preSolution
		Debug|Any CPU = Debug|Any CPU
		Release|Any CPU = Release|Any CPU
	EndGlobalSection
	GlobalSection(ProjectConfigurationPlatforms) = postSolution
		{758A67C2-20FA-4E80-9A41-035D74B62DAD}.Debug|Any CPU.ActiveCfg = Debug|Any CPU
		{758A67C2-20FA-4E80-9A41-035D74B62DAD}.Debug|Any CPU.Build.0 = Debug|Any CPU
		{758A67C2-20FA-4E80-9A41-035D74B62DAD}.Release|Any CPU.ActiveCfg = Release|Any CPU
		{758A67C2-20FA-4E80-9A41-035D74B62DAD}.Release|Any CPU.Build.0 = Release|Any CPU
	EndGlobalSection
	GlobalSection(SolutionProperties) = preSolution
		HideSolutionNode = FALSE
	EndGlobalSection
	GlobalSection(ExtensibilityGlobals) = postSolution
		SolutionGuid = {E5E7E30D-27E8-4197-B375-0897542B6F24}
	EndGlobalSection
EndGlobal
